// !$*UTF8*$!
{
	archiveVersion = 1;
	classes = {
	};
	objectVersion = 56;
	objects = {

/* Begin PBXBuildFile section */
		331CFF812C07201E00DC7D78 /* First_contactApp.swift in Sources */ = {isa = PBXBuildFile; fileRef = 331CFF802C07201E00DC7D78 /* First_contactApp.swift */; };
		331CFF832C07201E00DC7D78 /* ContentView.swift in Sources */ = {isa = PBXBuildFile; fileRef = 331CFF822C07201E00DC7D78 /* ContentView.swift */; };
		331CFF852C07201F00DC7D78 /* Assets.xcassets in Resources */ = {isa = PBXBuildFile; fileRef = 331CFF842C07201F00DC7D78 /* Assets.xcassets */; };
		331CFF892C07201F00DC7D78 /* Preview Assets.xcassets in Resources */ = {isa = PBXBuildFile; fileRef = 331CFF882C07201F00DC7D78 /* Preview Assets.xcassets */; };
		331CFF902C07300300DC7D78 /* AppStoreView.swift in Sources */ = {isa = PBXBuildFile; fileRef = 331CFF8F2C07300300DC7D78 /* AppStoreView.swift */; };
		331CFF922C07358F00DC7D78 /* AppStoreButtonStyle.swift in Sources */ = {isa = PBXBuildFile; fileRef = 331CFF912C07358F00DC7D78 /* AppStoreButtonStyle.swift */; };
		331CFF942C0739E100DC7D78 /* AppStoreInfoView.swift in Sources */ = {isa = PBXBuildFile; fileRef = 331CFF932C0739E100DC7D78 /* AppStoreInfoView.swift */; };
		331CFF962C0770BC00DC7D78 /* ImagedToggle.swift in Sources */ = {isa = PBXBuildFile; fileRef = 331CFF952C0770BC00DC7D78 /* ImagedToggle.swift */; };
		331CFF9B2C0860AB00DC7D78 /* Application.swift in Sources */ = {isa = PBXBuildFile; fileRef = 331CFF9A2C0860AB00DC7D78 /* Application.swift */; };
		331CFF9D2C0860F500DC7D78 /* AppData.swift in Sources */ = {isa = PBXBuildFile; fileRef = 331CFF9C2C0860F500DC7D78 /* AppData.swift */; };
		331CFF9F2C0863FE00DC7D78 /* ApplicationListView.swift in Sources */ = {isa = PBXBuildFile; fileRef = 331CFF9E2C0863FE00DC7D78 /* ApplicationListView.swift */; };
		331CFFA12C08766D00DC7D78 /* AppIconView.swift in Sources */ = {isa = PBXBuildFile; fileRef = 331CFFA02C08766D00DC7D78 /* AppIconView.swift */; };
		331CFFA32C08782300DC7D78 /* AppCellView.swift in Sources */ = {isa = PBXBuildFile; fileRef = 331CFFA22C08782300DC7D78 /* AppCellView.swift */; };
		331CFFA52C087C3A00DC7D78 /* AppInstallButton.swift in Sources */ = {isa = PBXBuildFile; fileRef = 331CFFA42C087C3A00DC7D78 /* AppInstallButton.swift */; };
		335614602C09D8D400468EA1 /* WebView.swift in Sources */ = {isa = PBXBuildFile; fileRef = 3356145F2C09D8D400468EA1 /* WebView.swift */; };
		335614622C09DAC500468EA1 /* WebBrowserView.swift in Sources */ = {isa = PBXBuildFile; fileRef = 335614612C09DAC500468EA1 /* WebBrowserView.swift */; };
/* End PBXBuildFile section */

/* Begin PBXFileReference section */
		331CFF7D2C07201E00DC7D78 /* First contact.app */ = {isa = PBXFileReference; explicitFileType = wrapper.application; includeInIndex = 0; path = "First contact.app"; sourceTree = BUILT_PRODUCTS_DIR; };
		331CFF802C07201E00DC7D78 /* First_contactApp.swift */ = {isa = PBXFileReference; lastKnownFileType = sourcecode.swift; path = First_contactApp.swift; sourceTree = "<group>"; };
		331CFF822C07201E00DC7D78 /* ContentView.swift */ = {isa = PBXFileReference; lastKnownFileType = sourcecode.swift; path = ContentView.swift; sourceTree = "<group>"; };
		331CFF842C07201F00DC7D78 /* Assets.xcassets */ = {isa = PBXFileReference; lastKnownFileType = folder.assetcatalog; path = Assets.xcassets; sourceTree = "<group>"; };
		331CFF862C07201F00DC7D78 /* First_contact.entitlements */ = {isa = PBXFileReference; lastKnownFileType = text.plist.entitlements; path = First_contact.entitlements; sourceTree = "<group>"; };
		331CFF882C07201F00DC7D78 /* Preview Assets.xcassets */ = {isa = PBXFileReference; lastKnownFileType = folder.assetcatalog; path = "Preview Assets.xcassets"; sourceTree = "<group>"; };
		331CFF8F2C07300300DC7D78 /* AppStoreView.swift */ = {isa = PBXFileReference; lastKnownFileType = sourcecode.swift; path = AppStoreView.swift; sourceTree = "<group>"; };
		331CFF912C07358F00DC7D78 /* AppStoreButtonStyle.swift */ = {isa = PBXFileReference; lastKnownFileType = sourcecode.swift; path = AppStoreButtonStyle.swift; sourceTree = "<group>"; };
		331CFF932C0739E100DC7D78 /* AppStoreInfoView.swift */ = {isa = PBXFileReference; lastKnownFileType = sourcecode.swift; path = AppStoreInfoView.swift; sourceTree = "<group>"; };
		331CFF952C0770BC00DC7D78 /* ImagedToggle.swift */ = {isa = PBXFileReference; fileEncoding = 4; lastKnownFileType = sourcecode.swift; path = ImagedToggle.swift; sourceTree = "<group>"; };
		331CFF9A2C0860AB00DC7D78 /* Application.swift */ = {isa = PBXFileReference; lastKnownFileType = sourcecode.swift; path = Application.swift; sourceTree = "<group>"; };
		331CFF9C2C0860F500DC7D78 /* AppData.swift */ = {isa = PBXFileReference; lastKnownFileType = sourcecode.swift; path = AppData.swift; sourceTree = "<group>"; };
		331CFF9E2C0863FE00DC7D78 /* ApplicationListView.swift */ = {isa = PBXFileReference; lastKnownFileType = sourcecode.swift; path = ApplicationListView.swift; sourceTree = "<group>"; };
		331CFFA02C08766D00DC7D78 /* AppIconView.swift */ = {isa = PBXFileReference; lastKnownFileType = sourcecode.swift; path = AppIconView.swift; sourceTree = "<group>"; };
		331CFFA22C08782300DC7D78 /* AppCellView.swift */ = {isa = PBXFileReference; lastKnownFileType = sourcecode.swift; path = AppCellView.swift; sourceTree = "<group>"; };
		331CFFA42C087C3A00DC7D78 /* AppInstallButton.swift */ = {isa = PBXFileReference; lastKnownFileType = sourcecode.swift; path = AppInstallButton.swift; sourceTree = "<group>"; };
		3356145F2C09D8D400468EA1 /* WebView.swift */ = {isa = PBXFileReference; lastKnownFileType = sourcecode.swift; path = WebView.swift; sourceTree = "<group>"; };
		335614612C09DAC500468EA1 /* WebBrowserView.swift */ = {isa = PBXFileReference; lastKnownFileType = sourcecode.swift; path = WebBrowserView.swift; sourceTree = "<group>"; };
/* End PBXFileReference section */

/* Begin PBXFrameworksBuildPhase section */
		331CFF7A2C07201E00DC7D78 /* Frameworks */ = {
			isa = PBXFrameworksBuildPhase;
			buildActionMask = 2147483647;
			files = (
			);
			runOnlyForDeploymentPostprocessing = 0;
		};
/* End PBXFrameworksBuildPhase section */

/* Begin PBXGroup section */
		331CFF742C07201E00DC7D78 = {
			isa = PBXGroup;
			children = (
				331CFF7F2C07201E00DC7D78 /* First contact */,
				331CFF7E2C07201E00DC7D78 /* Products */,
			);
			sourceTree = "<group>";
		};
		331CFF7E2C07201E00DC7D78 /* Products */ = {
			isa = PBXGroup;
			children = (
				331CFF7D2C07201E00DC7D78 /* First contact.app */,
			);
			name = Products;
			sourceTree = "<group>";
		};
		331CFF7F2C07201E00DC7D78 /* First contact */ = {
			isa = PBXGroup;
			children = (
				331CFF802C07201E00DC7D78 /* First_contactApp.swift */,
				331CFF992C08608900DC7D78 /* Models */,
				331CFF972C08607400DC7D78 /* Views */,
				331CFF982C08607A00DC7D78 /* Styles */,
				331CFF842C07201F00DC7D78 /* Assets.xcassets */,
				331CFF862C07201F00DC7D78 /* First_contact.entitlements */,
				331CFF872C07201F00DC7D78 /* Preview Content */,
			);
			path = "First contact";
			sourceTree = "<group>";
		};
		331CFF872C07201F00DC7D78 /* Preview Content */ = {
			isa = PBXGroup;
			children = (
				331CFF882C07201F00DC7D78 /* Preview Assets.xcassets */,
			);
			path = "Preview Content";
			sourceTree = "<group>";
		};
		331CFF972C08607400DC7D78 /* Views */ = {
			isa = PBXGroup;
			children = (
				331CFF822C07201E00DC7D78 /* ContentView.swift */,
				331CFF8F2C07300300DC7D78 /* AppStoreView.swift */,
				331CFF932C0739E100DC7D78 /* AppStoreInfoView.swift */,
				331CFF952C0770BC00DC7D78 /* ImagedToggle.swift */,
				331CFF9E2C0863FE00DC7D78 /* ApplicationListView.swift */,
				331CFFA02C08766D00DC7D78 /* AppIconView.swift */,
				331CFFA22C08782300DC7D78 /* AppCellView.swift */,
				331CFFA42C087C3A00DC7D78 /* AppInstallButton.swift */,
				335614612C09DAC500468EA1 /* WebBrowserView.swift */,
				3356145F2C09D8D400468EA1 /* WebView.swift */,
			);
			path = Views;
			sourceTree = "<group>";
		};
		331CFF982C08607A00DC7D78 /* Styles */ = {
			isa = PBXGroup;
			children = (
				331CFF912C07358F00DC7D78 /* AppStoreButtonStyle.swift */,
			);
			path = Styles;
			sourceTree = "<group>";
		};
		331CFF992C08608900DC7D78 /* Models */ = {
			isa = PBXGroup;
			children = (
				331CFF9A2C0860AB00DC7D78 /* Application.swift */,
				331CFF9C2C0860F500DC7D78 /* AppData.swift */,
			);
			path = Models;
			sourceTree = "<group>";
		};
/* End PBXGroup section */

/* Begin PBXNativeTarget section */
		331CFF7C2C07201E00DC7D78 /* First contact */ = {
			isa = PBXNativeTarget;
			buildConfigurationList = 331CFF8C2C07201F00DC7D78 /* Build configuration list for PBXNativeTarget "First contact" */;
			buildPhases = (
				331CFF792C07201E00DC7D78 /* Sources */,
				331CFF7A2C07201E00DC7D78 /* Frameworks */,
				331CFF7B2C07201E00DC7D78 /* Resources */,
			);
			buildRules = (
			);
			dependencies = (
			);
			name = "First contact";
			productName = "First contact";
			productReference = 331CFF7D2C07201E00DC7D78 /* First contact.app */;
			productType = "com.apple.product-type.application";
		};
/* End PBXNativeTarget section */

/* Begin PBXProject section */
		331CFF752C07201E00DC7D78 /* Project object */ = {
			isa = PBXProject;
			attributes = {
				BuildIndependentTargetsInParallel = 1;
				LastSwiftUpdateCheck = 1530;
				LastUpgradeCheck = 1530;
				TargetAttributes = {
					331CFF7C2C07201E00DC7D78 = {
						CreatedOnToolsVersion = 15.3;
					};
				};
			};
			buildConfigurationList = 331CFF782C07201E00DC7D78 /* Build configuration list for PBXProject "First contact" */;
			compatibilityVersion = "Xcode 14.0";
			developmentRegion = en;
			hasScannedForEncodings = 0;
			knownRegions = (
				en,
				Base,
			);
			mainGroup = 331CFF742C07201E00DC7D78;
			productRefGroup = 331CFF7E2C07201E00DC7D78 /* Products */;
			projectDirPath = "";
			projectRoot = "";
			targets = (
				331CFF7C2C07201E00DC7D78 /* First contact */,
			);
		};
/* End PBXProject section */

/* Begin PBXResourcesBuildPhase section */
		331CFF7B2C07201E00DC7D78 /* Resources */ = {
			isa = PBXResourcesBuildPhase;
			buildActionMask = 2147483647;
			files = (
				331CFF892C07201F00DC7D78 /* Preview Assets.xcassets in Resources */,
				331CFF852C07201F00DC7D78 /* Assets.xcassets in Resources */,
			);
			runOnlyForDeploymentPostprocessing = 0;
		};
/* End PBXResourcesBuildPhase section */

/* Begin PBXSourcesBuildPhase section */
		331CFF792C07201E00DC7D78 /* Sources */ = {
			isa = PBXSourcesBuildPhase;
			buildActionMask = 2147483647;
			files = (
				331CFF9B2C0860AB00DC7D78 /* Application.swift in Sources */,
				331CFFA52C087C3A00DC7D78 /* AppInstallButton.swift in Sources */,
				335614602C09D8D400468EA1 /* WebView.swift in Sources */,
				331CFF962C0770BC00DC7D78 /* ImagedToggle.swift in Sources */,
				331CFF832C07201E00DC7D78 /* ContentView.swift in Sources */,
				331CFF9D2C0860F500DC7D78 /* AppData.swift in Sources */,
				331CFF902C07300300DC7D78 /* AppStoreView.swift in Sources */,
				331CFF812C07201E00DC7D78 /* First_contactApp.swift in Sources */,
				331CFF9F2C0863FE00DC7D78 /* ApplicationListView.swift in Sources */,
				331CFFA32C08782300DC7D78 /* AppCellView.swift in Sources */,
				331CFF922C07358F00DC7D78 /* AppStoreButtonStyle.swift in Sources */,
				331CFF942C0739E100DC7D78 /* AppStoreInfoView.swift in Sources */,
				335614622C09DAC500468EA1 /* WebBrowserView.swift in Sources */,
				331CFFA12C08766D00DC7D78 /* AppIconView.swift in Sources */,
			);
			runOnlyForDeploymentPostprocessing = 0;
		};
/* End PBXSourcesBuildPhase section */

/* Begin XCBuildConfiguration section */
		331CFF8A2C07201F00DC7D78 /* Debug */ = {
			isa = XCBuildConfiguration;
			buildSettings = {
				ALWAYS_SEARCH_USER_PATHS = NO;
				ASSETCATALOG_COMPILER_GENERATE_SWIFT_ASSET_SYMBOL_EXTENSIONS = YES;
				CLANG_ANALYZER_NONNULL = YES;
				CLANG_ANALYZER_NUMBER_OBJECT_CONVERSION = YES_AGGRESSIVE;
				CLANG_CXX_LANGUAGE_STANDARD = "gnu++20";
				CLANG_ENABLE_MODULES = YES;
				CLANG_ENABLE_OBJC_ARC = YES;
				CLANG_ENABLE_OBJC_WEAK = YES;
				CLANG_WARN_BLOCK_CAPTURE_AUTORELEASING = YES;
				CLANG_WARN_BOOL_CONVERSION = YES;
				CLANG_WARN_COMMA = YES;
				CLANG_WARN_CONSTANT_CONVERSION = YES;
				CLANG_WARN_DEPRECATED_OBJC_IMPLEMENTATIONS = YES;
				CLANG_WARN_DIRECT_OBJC_ISA_USAGE = YES_ERROR;
				CLANG_WARN_DOCUMENTATION_COMMENTS = YES;
				CLANG_WARN_EMPTY_BODY = YES;
				CLANG_WARN_ENUM_CONVERSION = YES;
				CLANG_WARN_INFINITE_RECURSION = YES;
				CLANG_WARN_INT_CONVERSION = YES;
				CLANG_WARN_NON_LITERAL_NULL_CONVERSION = YES;
				CLANG_WARN_OBJC_IMPLICIT_RETAIN_SELF = YES;
				CLANG_WARN_OBJC_LITERAL_CONVERSION = YES;
				CLANG_WARN_OBJC_ROOT_CLASS = YES_ERROR;
				CLANG_WARN_QUOTED_INCLUDE_IN_FRAMEWORK_HEADER = YES;
				CLANG_WARN_RANGE_LOOP_ANALYSIS = YES;
				CLANG_WARN_STRICT_PROTOTYPES = YES;
				CLANG_WARN_SUSPICIOUS_MOVE = YES;
				CLANG_WARN_UNGUARDED_AVAILABILITY = YES_AGGRESSIVE;
				CLANG_WARN_UNREACHABLE_CODE = YES;
				CLANG_WARN__DUPLICATE_METHOD_MATCH = YES;
				COPY_PHASE_STRIP = NO;
				DEBUG_INFORMATION_FORMAT = dwarf;
				ENABLE_STRICT_OBJC_MSGSEND = YES;
				ENABLE_TESTABILITY = YES;
				ENABLE_USER_SCRIPT_SANDBOXING = YES;
				GCC_C_LANGUAGE_STANDARD = gnu17;
				GCC_DYNAMIC_NO_PIC = NO;
				GCC_NO_COMMON_BLOCKS = YES;
				GCC_OPTIMIZATION_LEVEL = 0;
				GCC_PREPROCESSOR_DEFINITIONS = (
					"DEBUG=1",
					"$(inherited)",
				);
				GCC_WARN_64_TO_32_BIT_CONVERSION = YES;
				GCC_WARN_ABOUT_RETURN_TYPE = YES_ERROR;
				GCC_WARN_UNDECLARED_SELECTOR = YES;
				GCC_WARN_UNINITIALIZED_AUTOS = YES_AGGRESSIVE;
				GCC_WARN_UNUSED_FUNCTION = YES;
				GCC_WARN_UNUSED_VARIABLE = YES;
				LOCALIZATION_PREFERS_STRING_CATALOGS = YES;
				MTL_ENABLE_DEBUG_INFO = INCLUDE_SOURCE;
				MTL_FAST_MATH = YES;
				ONLY_ACTIVE_ARCH = YES;
				SWIFT_ACTIVE_COMPILATION_CONDITIONS = "DEBUG $(inherited)";
				SWIFT_OPTIMIZATION_LEVEL = "-Onone";
			};
			name = Debug;
		};
		331CFF8B2C07201F00DC7D78 /* Release */ = {
			isa = XCBuildConfiguration;
			buildSettings = {
				ALWAYS_SEARCH_USER_PATHS = NO;
				ASSETCATALOG_COMPILER_GENERATE_SWIFT_ASSET_SYMBOL_EXTENSIONS = YES;
				CLANG_ANALYZER_NONNULL = YES;
				CLANG_ANALYZER_NUMBER_OBJECT_CONVERSION = YES_AGGRESSIVE;
				CLANG_CXX_LANGUAGE_STANDARD = "gnu++20";
				CLANG_ENABLE_MODULES = YES;
				CLANG_ENABLE_OBJC_ARC = YES;
				CLANG_ENABLE_OBJC_WEAK = YES;
				CLANG_WARN_BLOCK_CAPTURE_AUTORELEASING = YES;
				CLANG_WARN_BOOL_CONVERSION = YES;
				CLANG_WARN_COMMA = YES;
				CLANG_WARN_CONSTANT_CONVERSION = YES;
				CLANG_WARN_DEPRECATED_OBJC_IMPLEMENTATIONS = YES;
				CLANG_WARN_DIRECT_OBJC_ISA_USAGE = YES_ERROR;
				CLANG_WARN_DOCUMENTATION_COMMENTS = YES;
				CLANG_WARN_EMPTY_BODY = YES;
				CLANG_WARN_ENUM_CONVERSION = YES;
				CLANG_WARN_INFINITE_RECURSION = YES;
				CLANG_WARN_INT_CONVERSION = YES;
				CLANG_WARN_NON_LITERAL_NULL_CONVERSION = YES;
				CLANG_WARN_OBJC_IMPLICIT_RETAIN_SELF = YES;
				CLANG_WARN_OBJC_LITERAL_CONVERSION = YES;
				CLANG_WARN_OBJC_ROOT_CLASS = YES_ERROR;
				CLANG_WARN_QUOTED_INCLUDE_IN_FRAMEWORK_HEADER = YES;
				CLANG_WARN_RANGE_LOOP_ANALYSIS = YES;
				CLANG_WARN_STRICT_PROTOTYPES = YES;
				CLANG_WARN_SUSPICIOUS_MOVE = YES;
				CLANG_WARN_UNGUARDED_AVAILABILITY = YES_AGGRESSIVE;
				CLANG_WARN_UNREACHABLE_CODE = YES;
				CLANG_WARN__DUPLICATE_METHOD_MATCH = YES;
				COPY_PHASE_STRIP = NO;
				DEBUG_INFORMATION_FORMAT = "dwarf-with-dsym";
				ENABLE_NS_ASSERTIONS = NO;
				ENABLE_STRICT_OBJC_MSGSEND = YES;
				ENABLE_USER_SCRIPT_SANDBOXING = YES;
				GCC_C_LANGUAGE_STANDARD = gnu17;
				GCC_NO_COMMON_BLOCKS = YES;
				GCC_WARN_64_TO_32_BIT_CONVERSION = YES;
				GCC_WARN_ABOUT_RETURN_TYPE = YES_ERROR;
				GCC_WARN_UNDECLARED_SELECTOR = YES;
				GCC_WARN_UNINITIALIZED_AUTOS = YES_AGGRESSIVE;
				GCC_WARN_UNUSED_FUNCTION = YES;
				GCC_WARN_UNUSED_VARIABLE = YES;
				LOCALIZATION_PREFERS_STRING_CATALOGS = YES;
				MTL_ENABLE_DEBUG_INFO = NO;
				MTL_FAST_MATH = YES;
				SWIFT_COMPILATION_MODE = wholemodule;
			};
			name = Release;
		};
		331CFF8D2C07201F00DC7D78 /* Debug */ = {
			isa = XCBuildConfiguration;
			buildSettings = {
				ASSETCATALOG_COMPILER_APPICON_NAME = AppIcon;
				ASSETCATALOG_COMPILER_GLOBAL_ACCENT_COLOR_NAME = AccentColor;
				CODE_SIGN_ENTITLEMENTS = "First contact/First_contact.entitlements";
				CODE_SIGN_STYLE = Automatic;
				CURRENT_PROJECT_VERSION = 1;
				DEVELOPMENT_ASSET_PATHS = "\"First contact/Preview Content\"";
				DEVELOPMENT_TEAM = A7SGM6JEMA;
				ENABLE_HARDENED_RUNTIME = YES;
				ENABLE_PREVIEWS = YES;
				GENERATE_INFOPLIST_FILE = YES;
				"INFOPLIST_KEY_UIApplicationSceneManifest_Generation[sdk=iphoneos*]" = YES;
				"INFOPLIST_KEY_UIApplicationSceneManifest_Generation[sdk=iphonesimulator*]" = YES;
				"INFOPLIST_KEY_UIApplicationSupportsIndirectInputEvents[sdk=iphoneos*]" = YES;
				"INFOPLIST_KEY_UIApplicationSupportsIndirectInputEvents[sdk=iphonesimulator*]" = YES;
				"INFOPLIST_KEY_UILaunchScreen_Generation[sdk=iphoneos*]" = YES;
				"INFOPLIST_KEY_UILaunchScreen_Generation[sdk=iphonesimulator*]" = YES;
				"INFOPLIST_KEY_UIStatusBarStyle[sdk=iphoneos*]" = UIStatusBarStyleDefault;
				"INFOPLIST_KEY_UIStatusBarStyle[sdk=iphonesimulator*]" = UIStatusBarStyleDefault;
				INFOPLIST_KEY_UISupportedInterfaceOrientations_iPad = "UIInterfaceOrientationPortrait UIInterfaceOrientationPortraitUpsideDown UIInterfaceOrientationLandscapeLeft UIInterfaceOrientationLandscapeRight";
				INFOPLIST_KEY_UISupportedInterfaceOrientations_iPhone = "UIInterfaceOrientationPortrait UIInterfaceOrientationLandscapeLeft UIInterfaceOrientationLandscapeRight";
				IPHONEOS_DEPLOYMENT_TARGET = 17.4;
				LD_RUNPATH_SEARCH_PATHS = "@executable_path/Frameworks";
				"LD_RUNPATH_SEARCH_PATHS[sdk=macosx*]" = "@executable_path/../Frameworks";
				MACOSX_DEPLOYMENT_TARGET = 14.4;
				MARKETING_VERSION = 1.0;
				PRODUCT_BUNDLE_IDENTIFIER = "fr.tectec.training.humancoders.First-contact";
				PRODUCT_NAME = "$(TARGET_NAME)";
				SDKROOT = auto;
				SUPPORTED_PLATFORMS = "iphoneos iphonesimulator macosx xros xrsimulator";
				SUPPORTS_MACCATALYST = NO;
				SWIFT_EMIT_LOC_STRINGS = YES;
				SWIFT_VERSION = 5.0;
				TARGETED_DEVICE_FAMILY = "1,2,7";
			};
			name = Debug;
		};
		331CFF8E2C07201F00DC7D78 /* Release */ = {
			isa = XCBuildConfiguration;
			buildSettings = {
				ASSETCATALOG_COMPILER_APPICON_NAME = AppIcon;
				ASSETCATALOG_COMPILER_GLOBAL_ACCENT_COLOR_NAME = AccentColor;
				CODE_SIGN_ENTITLEMENTS = "First contact/First_contact.entitlements";
				CODE_SIGN_STYLE = Automatic;
				CURRENT_PROJECT_VERSION = 1;
				DEVELOPMENT_ASSET_PATHS = "\"First contact/Preview Content\"";
				DEVELOPMENT_TEAM = A7SGM6JEMA;
				ENABLE_HARDENED_RUNTIME = YES;
				ENABLE_PREVIEWS = YES;
				GENERATE_INFOPLIST_FILE = YES;
				"INFOPLIST_KEY_UIApplicationSceneManifest_Generation[sdk=iphoneos*]" = YES;
				"INFOPLIST_KEY_UIApplicationSceneManifest_Generation[sdk=iphonesimulator*]" = YES;
				"INFOPLIST_KEY_UIApplicationSupportsIndirectInputEvents[sdk=iphoneos*]" = YES;
				"INFOPLIST_KEY_UIApplicationSupportsIndirectInputEvents[sdk=iphonesimulator*]" = YES;
				"INFOPLIST_KEY_UILaunchScreen_Generation[sdk=iphoneos*]" = YES;
				"INFOPLIST_KEY_UILaunchScreen_Generation[sdk=iphonesimulator*]" = YES;
				"INFOPLIST_KEY_UIStatusBarStyle[sdk=iphoneos*]" = UIStatusBarStyleDefault;
				"INFOPLIST_KEY_UIStatusBarStyle[sdk=iphonesimulator*]" = UIStatusBarStyleDefault;
				INFOPLIST_KEY_UISupportedInterfaceOrientations_iPad = "UIInterfaceOrientationPortrait UIInterfaceOrientationPortraitUpsideDown UIInterfaceOrientationLandscapeLeft UIInterfaceOrientationLandscapeRight";
				INFOPLIST_KEY_UISupportedInterfaceOrientations_iPhone = "UIInterfaceOrientationPortrait UIInterfaceOrientationLandscapeLeft UIInterfaceOrientationLandscapeRight";
				IPHONEOS_DEPLOYMENT_TARGET = 17.4;
				LD_RUNPATH_SEARCH_PATHS = "@executable_path/Frameworks";
				"LD_RUNPATH_SEARCH_PATHS[sdk=macosx*]" = "@executable_path/../Frameworks";
				MACOSX_DEPLOYMENT_TARGET = 14.4;
				MARKETING_VERSION = 1.0;
				PRODUCT_BUNDLE_IDENTIFIER = "fr.tectec.training.humancoders.First-contact";
				PRODUCT_NAME = "$(TARGET_NAME)";
				SDKROOT = auto;
				SUPPORTED_PLATFORMS = "iphoneos iphonesimulator macosx xros xrsimulator";
				SUPPORTS_MACCATALYST = NO;
				SWIFT_EMIT_LOC_STRINGS = YES;
				SWIFT_VERSION = 5.0;
				TARGETED_DEVICE_FAMILY = "1,2,7";
			};
			name = Release;
		};
/* End XCBuildConfiguration section */

/* Begin XCConfigurationList section */
		331CFF782C07201E00DC7D78 /* Build configuration list for PBXProject "First contact" */ = {
			isa = XCConfigurationList;
			buildConfigurations = (
				331CFF8A2C07201F00DC7D78 /* Debug */,
				331CFF8B2C07201F00DC7D78 /* Release */,
			);
			defaultConfigurationIsVisible = 0;
			defaultConfigurationName = Release;
		};
		331CFF8C2C07201F00DC7D78 /* Build configuration list for PBXNativeTarget "First contact" */ = {
			isa = XCConfigurationList;
			buildConfigurations = (
				331CFF8D2C07201F00DC7D78 /* Debug */,
				331CFF8E2C07201F00DC7D78 /* Release */,
			);
			defaultConfigurationIsVisible = 0;
			defaultConfigurationName = Release;
		};
/* End XCConfigurationList section */
	};
	rootObject = 331CFF752C07201E00DC7D78 /* Project object */;
}
