// !$*UTF8*$!
{
	archiveVersion = 1;
	classes = {
	};
	objectVersion = 56;
	objects = {

/* Begin PBXBuildFile section */
		334A33722BF662420046BDDD /* NavigationApp.swift in Sources */ = {isa = PBXBuildFile; fileRef = 334A33712BF662420046BDDD /* NavigationApp.swift */; };
		334A33742BF662420046BDDD /* ProductListView.swift in Sources */ = {isa = PBXBuildFile; fileRef = 334A33732BF662420046BDDD /* ProductListView.swift */; };
		334A33762BF662440046BDDD /* Assets.xcassets in Resources */ = {isa = PBXBuildFile; fileRef = 334A33752BF662440046BDDD /* Assets.xcassets */; };
		334A337A2BF662440046BDDD /* Preview Assets.xcassets in Resources */ = {isa = PBXBuildFile; fileRef = 334A33792BF662440046BDDD /* Preview Assets.xcassets */; };
		334A33842BF662440046BDDD /* NavigationTests.swift in Sources */ = {isa = PBXBuildFile; fileRef = 334A33832BF662440046BDDD /* NavigationTests.swift */; };
		334A338E2BF662440046BDDD /* NavigationUITests.swift in Sources */ = {isa = PBXBuildFile; fileRef = 334A338D2BF662440046BDDD /* NavigationUITests.swift */; };
		334A33902BF662440046BDDD /* NavigationUITestsLaunchTests.swift in Sources */ = {isa = PBXBuildFile; fileRef = 334A338F2BF662440046BDDD /* NavigationUITestsLaunchTests.swift */; };
		334A339D2BF677460046BDDD /* Router.swift in Sources */ = {isa = PBXBuildFile; fileRef = 334A339C2BF677460046BDDD /* Router.swift */; };
		334A339F2BF679420046BDDD /* AppData.swift in Sources */ = {isa = PBXBuildFile; fileRef = 334A339E2BF679420046BDDD /* AppData.swift */; };
		334A33A12BF67B990046BDDD /* ProductView.swift in Sources */ = {isa = PBXBuildFile; fileRef = 334A33A02BF67B990046BDDD /* ProductView.swift */; };
		334A33A32BF67ECF0046BDDD /* SettingsView.swift in Sources */ = {isa = PBXBuildFile; fileRef = 334A33A22BF67ECF0046BDDD /* SettingsView.swift */; };
		334A33A52BF73F260046BDDD /* BasketView.swift in Sources */ = {isa = PBXBuildFile; fileRef = 334A33A42BF73F260046BDDD /* BasketView.swift */; };
/* End PBXBuildFile section */

/* Begin PBXContainerItemProxy section */
		334A33802BF662440046BDDD /* PBXContainerItemProxy */ = {
			isa = PBXContainerItemProxy;
			containerPortal = 334A33662BF662420046BDDD /* Project object */;
			proxyType = 1;
			remoteGlobalIDString = 334A336D2BF662420046BDDD;
			remoteInfo = Navigation;
		};
		334A338A2BF662440046BDDD /* PBXContainerItemProxy */ = {
			isa = PBXContainerItemProxy;
			containerPortal = 334A33662BF662420046BDDD /* Project object */;
			proxyType = 1;
			remoteGlobalIDString = 334A336D2BF662420046BDDD;
			remoteInfo = Navigation;
		};
/* End PBXContainerItemProxy section */

/* Begin PBXFileReference section */
		334A336E2BF662420046BDDD /* Navigation.app */ = {isa = PBXFileReference; explicitFileType = wrapper.application; includeInIndex = 0; path = Navigation.app; sourceTree = BUILT_PRODUCTS_DIR; };
		334A33712BF662420046BDDD /* NavigationApp.swift */ = {isa = PBXFileReference; lastKnownFileType = sourcecode.swift; path = NavigationApp.swift; sourceTree = "<group>"; };
		334A33732BF662420046BDDD /* ProductListView.swift */ = {isa = PBXFileReference; lastKnownFileType = sourcecode.swift; path = ProductListView.swift; sourceTree = "<group>"; };
		334A33752BF662440046BDDD /* Assets.xcassets */ = {isa = PBXFileReference; lastKnownFileType = folder.assetcatalog; path = Assets.xcassets; sourceTree = "<group>"; };
		334A33772BF662440046BDDD /* Navigation.entitlements */ = {isa = PBXFileReference; lastKnownFileType = text.plist.entitlements; path = Navigation.entitlements; sourceTree = "<group>"; };
		334A33792BF662440046BDDD /* Preview Assets.xcassets */ = {isa = PBXFileReference; lastKnownFileType = folder.assetcatalog; path = "Preview Assets.xcassets"; sourceTree = "<group>"; };
		334A337F2BF662440046BDDD /* NavigationTests.xctest */ = {isa = PBXFileReference; explicitFileType = wrapper.cfbundle; includeInIndex = 0; path = NavigationTests.xctest; sourceTree = BUILT_PRODUCTS_DIR; };
		334A33832BF662440046BDDD /* NavigationTests.swift */ = {isa = PBXFileReference; lastKnownFileType = sourcecode.swift; path = NavigationTests.swift; sourceTree = "<group>"; };
		334A33892BF662440046BDDD /* NavigationUITests.xctest */ = {isa = PBXFileReference; explicitFileType = wrapper.cfbundle; includeInIndex = 0; path = NavigationUITests.xctest; sourceTree = BUILT_PRODUCTS_DIR; };
		334A338D2BF662440046BDDD /* NavigationUITests.swift */ = {isa = PBXFileReference; lastKnownFileType = sourcecode.swift; path = NavigationUITests.swift; sourceTree = "<group>"; };
		334A338F2BF662440046BDDD /* NavigationUITestsLaunchTests.swift */ = {isa = PBXFileReference; lastKnownFileType = sourcecode.swift; path = NavigationUITestsLaunchTests.swift; sourceTree = "<group>"; };
		334A339C2BF677460046BDDD /* Router.swift */ = {isa = PBXFileReference; lastKnownFileType = sourcecode.swift; path = Router.swift; sourceTree = "<group>"; };
		334A339E2BF679420046BDDD /* AppData.swift */ = {isa = PBXFileReference; lastKnownFileType = sourcecode.swift; path = AppData.swift; sourceTree = "<group>"; };
		334A33A02BF67B990046BDDD /* ProductView.swift */ = {isa = PBXFileReference; lastKnownFileType = sourcecode.swift; path = ProductView.swift; sourceTree = "<group>"; };
		334A33A22BF67ECF0046BDDD /* SettingsView.swift */ = {isa = PBXFileReference; lastKnownFileType = sourcecode.swift; path = SettingsView.swift; sourceTree = "<group>"; };
		334A33A42BF73F260046BDDD /* BasketView.swift */ = {isa = PBXFileReference; lastKnownFileType = sourcecode.swift; path = BasketView.swift; sourceTree = "<group>"; };
/* End PBXFileReference section */

/* Begin PBXFrameworksBuildPhase section */
		334A336B2BF662420046BDDD /* Frameworks */ = {
			isa = PBXFrameworksBuildPhase;
			buildActionMask = 2147483647;
			files = (
			);
			runOnlyForDeploymentPostprocessing = 0;
		};
		334A337C2BF662440046BDDD /* Frameworks */ = {
			isa = PBXFrameworksBuildPhase;
			buildActionMask = 2147483647;
			files = (
			);
			runOnlyForDeploymentPostprocessing = 0;
		};
		334A33862BF662440046BDDD /* Frameworks */ = {
			isa = PBXFrameworksBuildPhase;
			buildActionMask = 2147483647;
			files = (
			);
			runOnlyForDeploymentPostprocessing = 0;
		};
/* End PBXFrameworksBuildPhase section */

/* Begin PBXGroup section */
		334A33652BF662420046BDDD = {
			isa = PBXGroup;
			children = (
				334A33702BF662420046BDDD /* Navigation */,
				334A33822BF662440046BDDD /* NavigationTests */,
				334A338C2BF662440046BDDD /* NavigationUITests */,
				334A336F2BF662420046BDDD /* Products */,
			);
			sourceTree = "<group>";
		};
		334A336F2BF662420046BDDD /* Products */ = {
			isa = PBXGroup;
			children = (
				334A336E2BF662420046BDDD /* Navigation.app */,
				334A337F2BF662440046BDDD /* NavigationTests.xctest */,
				334A33892BF662440046BDDD /* NavigationUITests.xctest */,
			);
			name = Products;
			sourceTree = "<group>";
		};
		334A33702BF662420046BDDD /* Navigation */ = {
			isa = PBXGroup;
			children = (
				334A33712BF662420046BDDD /* NavigationApp.swift */,
				334A33A42BF73F260046BDDD /* BasketView.swift */,
				334A33732BF662420046BDDD /* ProductListView.swift */,
				334A33A02BF67B990046BDDD /* ProductView.swift */,
				334A33A22BF67ECF0046BDDD /* SettingsView.swift */,
				334A33752BF662440046BDDD /* Assets.xcassets */,
				334A33772BF662440046BDDD /* Navigation.entitlements */,
				334A33782BF662440046BDDD /* Preview Content */,
				334A339C2BF677460046BDDD /* Router.swift */,
				334A339E2BF679420046BDDD /* AppData.swift */,
			);
			path = Navigation;
			sourceTree = "<group>";
		};
		334A33782BF662440046BDDD /* Preview Content */ = {
			isa = PBXGroup;
			children = (
				334A33792BF662440046BDDD /* Preview Assets.xcassets */,
			);
			path = "Preview Content";
			sourceTree = "<group>";
		};
		334A33822BF662440046BDDD /* NavigationTests */ = {
			isa = PBXGroup;
			children = (
				334A33832BF662440046BDDD /* NavigationTests.swift */,
			);
			path = NavigationTests;
			sourceTree = "<group>";
		};
		334A338C2BF662440046BDDD /* NavigationUITests */ = {
			isa = PBXGroup;
			children = (
				334A338D2BF662440046BDDD /* NavigationUITests.swift */,
				334A338F2BF662440046BDDD /* NavigationUITestsLaunchTests.swift */,
			);
			path = NavigationUITests;
			sourceTree = "<group>";
		};
/* End PBXGroup section */

/* Begin PBXNativeTarget section */
		334A336D2BF662420046BDDD /* Navigation */ = {
			isa = PBXNativeTarget;
			buildConfigurationList = 334A33932BF662440046BDDD /* Build configuration list for PBXNativeTarget "Navigation" */;
			buildPhases = (
				334A336A2BF662420046BDDD /* Sources */,
				334A336B2BF662420046BDDD /* Frameworks */,
				334A336C2BF662420046BDDD /* Resources */,
			);
			buildRules = (
			);
			dependencies = (
			);
			name = Navigation;
			productName = Navigation;
			productReference = 334A336E2BF662420046BDDD /* Navigation.app */;
			productType = "com.apple.product-type.application";
		};
		334A337E2BF662440046BDDD /* NavigationTests */ = {
			isa = PBXNativeTarget;
			buildConfigurationList = 334A33962BF662440046BDDD /* Build configuration list for PBXNativeTarget "NavigationTests" */;
			buildPhases = (
				334A337B2BF662440046BDDD /* Sources */,
				334A337C2BF662440046BDDD /* Frameworks */,
				334A337D2BF662440046BDDD /* Resources */,
			);
			buildRules = (
			);
			dependencies = (
				334A33812BF662440046BDDD /* PBXTargetDependency */,
			);
			name = NavigationTests;
			productName = NavigationTests;
			productReference = 334A337F2BF662440046BDDD /* NavigationTests.xctest */;
			productType = "com.apple.product-type.bundle.unit-test";
		};
		334A33882BF662440046BDDD /* NavigationUITests */ = {
			isa = PBXNativeTarget;
			buildConfigurationList = 334A33992BF662440046BDDD /* Build configuration list for PBXNativeTarget "NavigationUITests" */;
			buildPhases = (
				334A33852BF662440046BDDD /* Sources */,
				334A33862BF662440046BDDD /* Frameworks */,
				334A33872BF662440046BDDD /* Resources */,
			);
			buildRules = (
			);
			dependencies = (
				334A338B2BF662440046BDDD /* PBXTargetDependency */,
			);
			name = NavigationUITests;
			productName = NavigationUITests;
			productReference = 334A33892BF662440046BDDD /* NavigationUITests.xctest */;
			productType = "com.apple.product-type.bundle.ui-testing";
		};
/* End PBXNativeTarget section */

/* Begin PBXProject section */
		334A33662BF662420046BDDD /* Project object */ = {
			isa = PBXProject;
			attributes = {
				BuildIndependentTargetsInParallel = 1;
				LastSwiftUpdateCheck = 1530;
				LastUpgradeCheck = 1530;
				TargetAttributes = {
					334A336D2BF662420046BDDD = {
						CreatedOnToolsVersion = 15.3;
					};
					334A337E2BF662440046BDDD = {
						CreatedOnToolsVersion = 15.3;
						TestTargetID = 334A336D2BF662420046BDDD;
					};
					334A33882BF662440046BDDD = {
						CreatedOnToolsVersion = 15.3;
						TestTargetID = 334A336D2BF662420046BDDD;
					};
				};
			};
			buildConfigurationList = 334A33692BF662420046BDDD /* Build configuration list for PBXProject "Navigation" */;
			compatibilityVersion = "Xcode 14.0";
			developmentRegion = en;
			hasScannedForEncodings = 0;
			knownRegions = (
				en,
				Base,
			);
			mainGroup = 334A33652BF662420046BDDD;
			productRefGroup = 334A336F2BF662420046BDDD /* Products */;
			projectDirPath = "";
			projectRoot = "";
			targets = (
				334A336D2BF662420046BDDD /* Navigation */,
				334A337E2BF662440046BDDD /* NavigationTests */,
				334A33882BF662440046BDDD /* NavigationUITests */,
			);
		};
/* End PBXProject section */

/* Begin PBXResourcesBuildPhase section */
		334A336C2BF662420046BDDD /* Resources */ = {
			isa = PBXResourcesBuildPhase;
			buildActionMask = 2147483647;
			files = (
				334A337A2BF662440046BDDD /* Preview Assets.xcassets in Resources */,
				334A33762BF662440046BDDD /* Assets.xcassets in Resources */,
			);
			runOnlyForDeploymentPostprocessing = 0;
		};
		334A337D2BF662440046BDDD /* Resources */ = {
			isa = PBXResourcesBuildPhase;
			buildActionMask = 2147483647;
			files = (
			);
			runOnlyForDeploymentPostprocessing = 0;
		};
		334A33872BF662440046BDDD /* Resources */ = {
			isa = PBXResourcesBuildPhase;
			buildActionMask = 2147483647;
			files = (
			);
			runOnlyForDeploymentPostprocessing = 0;
		};
/* End PBXResourcesBuildPhase section */

/* Begin PBXSourcesBuildPhase section */
		334A336A2BF662420046BDDD /* Sources */ = {
			isa = PBXSourcesBuildPhase;
			buildActionMask = 2147483647;
			files = (
				334A33A12BF67B990046BDDD /* ProductView.swift in Sources */,
				334A33742BF662420046BDDD /* ProductListView.swift in Sources */,
				334A339D2BF677460046BDDD /* Router.swift in Sources */,
				334A33A32BF67ECF0046BDDD /* SettingsView.swift in Sources */,
				334A33722BF662420046BDDD /* NavigationApp.swift in Sources */,
				334A33A52BF73F260046BDDD /* BasketView.swift in Sources */,
				334A339F2BF679420046BDDD /* AppData.swift in Sources */,
			);
			runOnlyForDeploymentPostprocessing = 0;
		};
		334A337B2BF662440046BDDD /* Sources */ = {
			isa = PBXSourcesBuildPhase;
			buildActionMask = 2147483647;
			files = (
				334A33842BF662440046BDDD /* NavigationTests.swift in Sources */,
			);
			runOnlyForDeploymentPostprocessing = 0;
		};
		334A33852BF662440046BDDD /* Sources */ = {
			isa = PBXSourcesBuildPhase;
			buildActionMask = 2147483647;
			files = (
				334A33902BF662440046BDDD /* NavigationUITestsLaunchTests.swift in Sources */,
				334A338E2BF662440046BDDD /* NavigationUITests.swift in Sources */,
			);
			runOnlyForDeploymentPostprocessing = 0;
		};
/* End PBXSourcesBuildPhase section */

/* Begin PBXTargetDependency section */
		334A33812BF662440046BDDD /* PBXTargetDependency */ = {
			isa = PBXTargetDependency;
			target = 334A336D2BF662420046BDDD /* Navigation */;
			targetProxy = 334A33802BF662440046BDDD /* PBXContainerItemProxy */;
		};
		334A338B2BF662440046BDDD /* PBXTargetDependency */ = {
			isa = PBXTargetDependency;
			target = 334A336D2BF662420046BDDD /* Navigation */;
			targetProxy = 334A338A2BF662440046BDDD /* PBXContainerItemProxy */;
		};
/* End PBXTargetDependency section */

/* Begin XCBuildConfiguration section */
		334A33912BF662440046BDDD /* Debug */ = {
			isa = XCBuildConfiguration;
			buildSettings = {
				ALWAYS_SEARCH_USER_PATHS = NO;
				ASSETCATALOG_COMPILER_GENERATE_SWIFT_ASSET_SYMBOL_EXTENSIONS = YES;
				CLANG_ANALYZER_NONNULL = YES;
				CLANG_ANALYZER_NUMBER_OBJECT_CONVERSION = YES_AGGRESSIVE;
				CLANG_CXX_LANGUAGE_STANDARD = "gnu++20";
				CLANG_ENABLE_MODULES = YES;
				CLANG_ENABLE_OBJC_ARC = YES;
				CLANG_ENABLE_OBJC_WEAK = YES;
				CLANG_WARN_BLOCK_CAPTURE_AUTORELEASING = YES;
				CLANG_WARN_BOOL_CONVERSION = YES;
				CLANG_WARN_COMMA = YES;
				CLANG_WARN_CONSTANT_CONVERSION = YES;
				CLANG_WARN_DEPRECATED_OBJC_IMPLEMENTATIONS = YES;
				CLANG_WARN_DIRECT_OBJC_ISA_USAGE = YES_ERROR;
				CLANG_WARN_DOCUMENTATION_COMMENTS = YES;
				CLANG_WARN_EMPTY_BODY = YES;
				CLANG_WARN_ENUM_CONVERSION = YES;
				CLANG_WARN_INFINITE_RECURSION = YES;
				CLANG_WARN_INT_CONVERSION = YES;
				CLANG_WARN_NON_LITERAL_NULL_CONVERSION = YES;
				CLANG_WARN_OBJC_IMPLICIT_RETAIN_SELF = YES;
				CLANG_WARN_OBJC_LITERAL_CONVERSION = YES;
				CLANG_WARN_OBJC_ROOT_CLASS = YES_ERROR;
				CLANG_WARN_QUOTED_INCLUDE_IN_FRAMEWORK_HEADER = YES;
				CLANG_WARN_RANGE_LOOP_ANALYSIS = YES;
				CLANG_WARN_STRICT_PROTOTYPES = YES;
				CLANG_WARN_SUSPICIOUS_MOVE = YES;
				CLANG_WARN_UNGUARDED_AVAILABILITY = YES_AGGRESSIVE;
				CLANG_WARN_UNREACHABLE_CODE = YES;
				CLANG_WARN__DUPLICATE_METHOD_MATCH = YES;
				COPY_PHASE_STRIP = NO;
				DEBUG_INFORMATION_FORMAT = dwarf;
				ENABLE_STRICT_OBJC_MSGSEND = YES;
				ENABLE_TESTABILITY = YES;
				ENABLE_USER_SCRIPT_SANDBOXING = YES;
				GCC_C_LANGUAGE_STANDARD = gnu17;
				GCC_DYNAMIC_NO_PIC = NO;
				GCC_NO_COMMON_BLOCKS = YES;
				GCC_OPTIMIZATION_LEVEL = 0;
				GCC_PREPROCESSOR_DEFINITIONS = (
					"DEBUG=1",
					"$(inherited)",
				);
				GCC_WARN_64_TO_32_BIT_CONVERSION = YES;
				GCC_WARN_ABOUT_RETURN_TYPE = YES_ERROR;
				GCC_WARN_UNDECLARED_SELECTOR = YES;
				GCC_WARN_UNINITIALIZED_AUTOS = YES_AGGRESSIVE;
				GCC_WARN_UNUSED_FUNCTION = YES;
				GCC_WARN_UNUSED_VARIABLE = YES;
				LOCALIZATION_PREFERS_STRING_CATALOGS = YES;
				MTL_ENABLE_DEBUG_INFO = INCLUDE_SOURCE;
				MTL_FAST_MATH = YES;
				ONLY_ACTIVE_ARCH = YES;
				SWIFT_ACTIVE_COMPILATION_CONDITIONS = "DEBUG $(inherited)";
				SWIFT_OPTIMIZATION_LEVEL = "-Onone";
			};
			name = Debug;
		};
		334A33922BF662440046BDDD /* Release */ = {
			isa = XCBuildConfiguration;
			buildSettings = {
				ALWAYS_SEARCH_USER_PATHS = NO;
				ASSETCATALOG_COMPILER_GENERATE_SWIFT_ASSET_SYMBOL_EXTENSIONS = YES;
				CLANG_ANALYZER_NONNULL = YES;
				CLANG_ANALYZER_NUMBER_OBJECT_CONVERSION = YES_AGGRESSIVE;
				CLANG_CXX_LANGUAGE_STANDARD = "gnu++20";
				CLANG_ENABLE_MODULES = YES;
				CLANG_ENABLE_OBJC_ARC = YES;
				CLANG_ENABLE_OBJC_WEAK = YES;
				CLANG_WARN_BLOCK_CAPTURE_AUTORELEASING = YES;
				CLANG_WARN_BOOL_CONVERSION = YES;
				CLANG_WARN_COMMA = YES;
				CLANG_WARN_CONSTANT_CONVERSION = YES;
				CLANG_WARN_DEPRECATED_OBJC_IMPLEMENTATIONS = YES;
				CLANG_WARN_DIRECT_OBJC_ISA_USAGE = YES_ERROR;
				CLANG_WARN_DOCUMENTATION_COMMENTS = YES;
				CLANG_WARN_EMPTY_BODY = YES;
				CLANG_WARN_ENUM_CONVERSION = YES;
				CLANG_WARN_INFINITE_RECURSION = YES;
				CLANG_WARN_INT_CONVERSION = YES;
				CLANG_WARN_NON_LITERAL_NULL_CONVERSION = YES;
				CLANG_WARN_OBJC_IMPLICIT_RETAIN_SELF = YES;
				CLANG_WARN_OBJC_LITERAL_CONVERSION = YES;
				CLANG_WARN_OBJC_ROOT_CLASS = YES_ERROR;
				CLANG_WARN_QUOTED_INCLUDE_IN_FRAMEWORK_HEADER = YES;
				CLANG_WARN_RANGE_LOOP_ANALYSIS = YES;
				CLANG_WARN_STRICT_PROTOTYPES = YES;
				CLANG_WARN_SUSPICIOUS_MOVE = YES;
				CLANG_WARN_UNGUARDED_AVAILABILITY = YES_AGGRESSIVE;
				CLANG_WARN_UNREACHABLE_CODE = YES;
				CLANG_WARN__DUPLICATE_METHOD_MATCH = YES;
				COPY_PHASE_STRIP = NO;
				DEBUG_INFORMATION_FORMAT = "dwarf-with-dsym";
				ENABLE_NS_ASSERTIONS = NO;
				ENABLE_STRICT_OBJC_MSGSEND = YES;
				ENABLE_USER_SCRIPT_SANDBOXING = YES;
				GCC_C_LANGUAGE_STANDARD = gnu17;
				GCC_NO_COMMON_BLOCKS = YES;
				GCC_WARN_64_TO_32_BIT_CONVERSION = YES;
				GCC_WARN_ABOUT_RETURN_TYPE = YES_ERROR;
				GCC_WARN_UNDECLARED_SELECTOR = YES;
				GCC_WARN_UNINITIALIZED_AUTOS = YES_AGGRESSIVE;
				GCC_WARN_UNUSED_FUNCTION = YES;
				GCC_WARN_UNUSED_VARIABLE = YES;
				LOCALIZATION_PREFERS_STRING_CATALOGS = YES;
				MTL_ENABLE_DEBUG_INFO = NO;
				MTL_FAST_MATH = YES;
				SWIFT_COMPILATION_MODE = wholemodule;
			};
			name = Release;
		};
		334A33942BF662440046BDDD /* Debug */ = {
			isa = XCBuildConfiguration;
			buildSettings = {
				ASSETCATALOG_COMPILER_APPICON_NAME = AppIcon;
				ASSETCATALOG_COMPILER_GLOBAL_ACCENT_COLOR_NAME = AccentColor;
				CODE_SIGN_ENTITLEMENTS = Navigation/Navigation.entitlements;
				CODE_SIGN_STYLE = Automatic;
				CURRENT_PROJECT_VERSION = 1;
				DEVELOPMENT_ASSET_PATHS = "\"Navigation/Preview Content\"";
				DEVELOPMENT_TEAM = A7SGM6JEMA;
				ENABLE_HARDENED_RUNTIME = YES;
				ENABLE_PREVIEWS = YES;
				GENERATE_INFOPLIST_FILE = YES;
				"INFOPLIST_KEY_UIApplicationSceneManifest_Generation[sdk=iphoneos*]" = YES;
				"INFOPLIST_KEY_UIApplicationSceneManifest_Generation[sdk=iphonesimulator*]" = YES;
				"INFOPLIST_KEY_UIApplicationSupportsIndirectInputEvents[sdk=iphoneos*]" = YES;
				"INFOPLIST_KEY_UIApplicationSupportsIndirectInputEvents[sdk=iphonesimulator*]" = YES;
				"INFOPLIST_KEY_UILaunchScreen_Generation[sdk=iphoneos*]" = YES;
				"INFOPLIST_KEY_UILaunchScreen_Generation[sdk=iphonesimulator*]" = YES;
				"INFOPLIST_KEY_UIStatusBarStyle[sdk=iphoneos*]" = UIStatusBarStyleDefault;
				"INFOPLIST_KEY_UIStatusBarStyle[sdk=iphonesimulator*]" = UIStatusBarStyleDefault;
				INFOPLIST_KEY_UISupportedInterfaceOrientations_iPad = "UIInterfaceOrientationPortrait UIInterfaceOrientationPortraitUpsideDown UIInterfaceOrientationLandscapeLeft UIInterfaceOrientationLandscapeRight";
				INFOPLIST_KEY_UISupportedInterfaceOrientations_iPhone = "UIInterfaceOrientationPortrait UIInterfaceOrientationLandscapeLeft UIInterfaceOrientationLandscapeRight";
				IPHONEOS_DEPLOYMENT_TARGET = 17.4;
				LD_RUNPATH_SEARCH_PATHS = "@executable_path/Frameworks";
				"LD_RUNPATH_SEARCH_PATHS[sdk=macosx*]" = "@executable_path/../Frameworks";
				MACOSX_DEPLOYMENT_TARGET = 14.4;
				MARKETING_VERSION = 1.0;
				PRODUCT_BUNDLE_IDENTIFIER = fr.tectec.training.humancoders.Navigation;
				PRODUCT_NAME = "$(TARGET_NAME)";
				SDKROOT = auto;
				SUPPORTED_PLATFORMS = "iphoneos iphonesimulator macosx";
				SWIFT_EMIT_LOC_STRINGS = YES;
				SWIFT_VERSION = 5.0;
				TARGETED_DEVICE_FAMILY = "1,2";
			};
			name = Debug;
		};
		334A33952BF662440046BDDD /* Release */ = {
			isa = XCBuildConfiguration;
			buildSettings = {
				ASSETCATALOG_COMPILER_APPICON_NAME = AppIcon;
				ASSETCATALOG_COMPILER_GLOBAL_ACCENT_COLOR_NAME = AccentColor;
				CODE_SIGN_ENTITLEMENTS = Navigation/Navigation.entitlements;
				CODE_SIGN_STYLE = Automatic;
				CURRENT_PROJECT_VERSION = 1;
				DEVELOPMENT_ASSET_PATHS = "\"Navigation/Preview Content\"";
				DEVELOPMENT_TEAM = A7SGM6JEMA;
				ENABLE_HARDENED_RUNTIME = YES;
				ENABLE_PREVIEWS = YES;
				GENERATE_INFOPLIST_FILE = YES;
				"INFOPLIST_KEY_UIApplicationSceneManifest_Generation[sdk=iphoneos*]" = YES;
				"INFOPLIST_KEY_UIApplicationSceneManifest_Generation[sdk=iphonesimulator*]" = YES;
				"INFOPLIST_KEY_UIApplicationSupportsIndirectInputEvents[sdk=iphoneos*]" = YES;
				"INFOPLIST_KEY_UIApplicationSupportsIndirectInputEvents[sdk=iphonesimulator*]" = YES;
				"INFOPLIST_KEY_UILaunchScreen_Generation[sdk=iphoneos*]" = YES;
				"INFOPLIST_KEY_UILaunchScreen_Generation[sdk=iphonesimulator*]" = YES;
				"INFOPLIST_KEY_UIStatusBarStyle[sdk=iphoneos*]" = UIStatusBarStyleDefault;
				"INFOPLIST_KEY_UIStatusBarStyle[sdk=iphonesimulator*]" = UIStatusBarStyleDefault;
				INFOPLIST_KEY_UISupportedInterfaceOrientations_iPad = "UIInterfaceOrientationPortrait UIInterfaceOrientationPortraitUpsideDown UIInterfaceOrientationLandscapeLeft UIInterfaceOrientationLandscapeRight";
				INFOPLIST_KEY_UISupportedInterfaceOrientations_iPhone = "UIInterfaceOrientationPortrait UIInterfaceOrientationLandscapeLeft UIInterfaceOrientationLandscapeRight";
				IPHONEOS_DEPLOYMENT_TARGET = 17.4;
				LD_RUNPATH_SEARCH_PATHS = "@executable_path/Frameworks";
				"LD_RUNPATH_SEARCH_PATHS[sdk=macosx*]" = "@executable_path/../Frameworks";
				MACOSX_DEPLOYMENT_TARGET = 14.4;
				MARKETING_VERSION = 1.0;
				PRODUCT_BUNDLE_IDENTIFIER = fr.tectec.training.humancoders.Navigation;
				PRODUCT_NAME = "$(TARGET_NAME)";
				SDKROOT = auto;
				SUPPORTED_PLATFORMS = "iphoneos iphonesimulator macosx";
				SWIFT_EMIT_LOC_STRINGS = YES;
				SWIFT_VERSION = 5.0;
				TARGETED_DEVICE_FAMILY = "1,2";
			};
			name = Release;
		};
		334A33972BF662440046BDDD /* Debug */ = {
			isa = XCBuildConfiguration;
			buildSettings = {
				ALWAYS_EMBED_SWIFT_STANDARD_LIBRARIES = YES;
				BUNDLE_LOADER = "$(TEST_HOST)";
				CODE_SIGN_STYLE = Automatic;
				CURRENT_PROJECT_VERSION = 1;
				DEVELOPMENT_TEAM = A7SGM6JEMA;
				GENERATE_INFOPLIST_FILE = YES;
				IPHONEOS_DEPLOYMENT_TARGET = 17.4;
				MACOSX_DEPLOYMENT_TARGET = 14.4;
				MARKETING_VERSION = 1.0;
				PRODUCT_BUNDLE_IDENTIFIER = fr.tectec.training.humancoders.NavigationTests;
				PRODUCT_NAME = "$(TARGET_NAME)";
				SDKROOT = auto;
				SUPPORTED_PLATFORMS = "iphoneos iphonesimulator macosx";
				SWIFT_EMIT_LOC_STRINGS = NO;
				SWIFT_VERSION = 5.0;
				TARGETED_DEVICE_FAMILY = "1,2";
				TEST_HOST = "$(BUILT_PRODUCTS_DIR)/Navigation.app/$(BUNDLE_EXECUTABLE_FOLDER_PATH)/Navigation";
			};
			name = Debug;
		};
		334A33982BF662440046BDDD /* Release */ = {
			isa = XCBuildConfiguration;
			buildSettings = {
				ALWAYS_EMBED_SWIFT_STANDARD_LIBRARIES = YES;
				BUNDLE_LOADER = "$(TEST_HOST)";
				CODE_SIGN_STYLE = Automatic;
				CURRENT_PROJECT_VERSION = 1;
				DEVELOPMENT_TEAM = A7SGM6JEMA;
				GENERATE_INFOPLIST_FILE = YES;
				IPHONEOS_DEPLOYMENT_TARGET = 17.4;
				MACOSX_DEPLOYMENT_TARGET = 14.4;
				MARKETING_VERSION = 1.0;
				PRODUCT_BUNDLE_IDENTIFIER = fr.tectec.training.humancoders.NavigationTests;
				PRODUCT_NAME = "$(TARGET_NAME)";
				SDKROOT = auto;
				SUPPORTED_PLATFORMS = "iphoneos iphonesimulator macosx";
				SWIFT_EMIT_LOC_STRINGS = NO;
				SWIFT_VERSION = 5.0;
				TARGETED_DEVICE_FAMILY = "1,2";
				TEST_HOST = "$(BUILT_PRODUCTS_DIR)/Navigation.app/$(BUNDLE_EXECUTABLE_FOLDER_PATH)/Navigation";
			};
			name = Release;
		};
		334A339A2BF662440046BDDD /* Debug */ = {
			isa = XCBuildConfiguration;
			buildSettings = {
				ALWAYS_EMBED_SWIFT_STANDARD_LIBRARIES = YES;
				CODE_SIGN_STYLE = Automatic;
				CURRENT_PROJECT_VERSION = 1;
				DEVELOPMENT_TEAM = A7SGM6JEMA;
				GENERATE_INFOPLIST_FILE = YES;
				IPHONEOS_DEPLOYMENT_TARGET = 17.4;
				MACOSX_DEPLOYMENT_TARGET = 14.4;
				MARKETING_VERSION = 1.0;
				PRODUCT_BUNDLE_IDENTIFIER = fr.tectec.training.humancoders.NavigationUITests;
				PRODUCT_NAME = "$(TARGET_NAME)";
				SDKROOT = auto;
				SUPPORTED_PLATFORMS = "iphoneos iphonesimulator macosx";
				SWIFT_EMIT_LOC_STRINGS = NO;
				SWIFT_VERSION = 5.0;
				TARGETED_DEVICE_FAMILY = "1,2";
				TEST_TARGET_NAME = Navigation;
			};
			name = Debug;
		};
		334A339B2BF662440046BDDD /* Release */ = {
			isa = XCBuildConfiguration;
			buildSettings = {
				ALWAYS_EMBED_SWIFT_STANDARD_LIBRARIES = YES;
				CODE_SIGN_STYLE = Automatic;
				CURRENT_PROJECT_VERSION = 1;
				DEVELOPMENT_TEAM = A7SGM6JEMA;
				GENERATE_INFOPLIST_FILE = YES;
				IPHONEOS_DEPLOYMENT_TARGET = 17.4;
				MACOSX_DEPLOYMENT_TARGET = 14.4;
				MARKETING_VERSION = 1.0;
				PRODUCT_BUNDLE_IDENTIFIER = fr.tectec.training.humancoders.NavigationUITests;
				PRODUCT_NAME = "$(TARGET_NAME)";
				SDKROOT = auto;
				SUPPORTED_PLATFORMS = "iphoneos iphonesimulator macosx";
				SWIFT_EMIT_LOC_STRINGS = NO;
				SWIFT_VERSION = 5.0;
				TARGETED_DEVICE_FAMILY = "1,2";
				TEST_TARGET_NAME = Navigation;
			};
			name = Release;
		};
/* End XCBuildConfiguration section */

/* Begin XCConfigurationList section */
		334A33692BF662420046BDDD /* Build configuration list for PBXProject "Navigation" */ = {
			isa = XCConfigurationList;
			buildConfigurations = (
				334A33912BF662440046BDDD /* Debug */,
				334A33922BF662440046BDDD /* Release */,
			);
			defaultConfigurationIsVisible = 0;
			defaultConfigurationName = Release;
		};
		334A33932BF662440046BDDD /* Build configuration list for PBXNativeTarget "Navigation" */ = {
			isa = XCConfigurationList;
			buildConfigurations = (
				334A33942BF662440046BDDD /* Debug */,
				334A33952BF662440046BDDD /* Release */,
			);
			defaultConfigurationIsVisible = 0;
			defaultConfigurationName = Release;
		};
		334A33962BF662440046BDDD /* Build configuration list for PBXNativeTarget "NavigationTests" */ = {
			isa = XCConfigurationList;
			buildConfigurations = (
				334A33972BF662440046BDDD /* Debug */,
				334A33982BF662440046BDDD /* Release */,
			);
			defaultConfigurationIsVisible = 0;
			defaultConfigurationName = Release;
		};
		334A33992BF662440046BDDD /* Build configuration list for PBXNativeTarget "NavigationUITests" */ = {
			isa = XCConfigurationList;
			buildConfigurations = (
				334A339A2BF662440046BDDD /* Debug */,
				334A339B2BF662440046BDDD /* Release */,
			);
			defaultConfigurationIsVisible = 0;
			defaultConfigurationName = Release;
		};
/* End XCConfigurationList section */
	};
	rootObject = 334A33662BF662420046BDDD /* Project object */;
}
