// !$*UTF8*$!
{
	archiveVersion = 1;
	classes = {
	};
	objectVersion = 56;
	objects = {

/* Begin PBXBuildFile section */
		3349F0CB28EB785D00D0A3C9 /* Animations_and_transitionsApp.swift in Sources */ = {isa = PBXBuildFile; fileRef = 3349F0CA28EB785D00D0A3C9 /* Animations_and_transitionsApp.swift */; };
		3349F0CD28EB785D00D0A3C9 /* ContentView.swift in Sources */ = {isa = PBXBuildFile; fileRef = 3349F0CC28EB785D00D0A3C9 /* ContentView.swift */; };
		3349F0CF28EB785E00D0A3C9 /* Assets.xcassets in Resources */ = {isa = PBXBuildFile; fileRef = 3349F0CE28EB785E00D0A3C9 /* Assets.xcassets */; };
		3349F0D328EB785E00D0A3C9 /* Preview Assets.xcassets in Resources */ = {isa = PBXBuildFile; fileRef = 3349F0D228EB785E00D0A3C9 /* Preview Assets.xcassets */; };
		3349F0DB28EB788100D0A3C9 /* DeckUI in Frameworks */ = {isa = PBXBuildFile; productRef = 3349F0DA28EB788100D0A3C9 /* DeckUI */; };
		3349F0DD28EB7D8E00D0A3C9 /* IdentityExample.swift in Sources */ = {isa = PBXBuildFile; fileRef = 3349F0DC28EB7D8E00D0A3C9 /* IdentityExample.swift */; };
		3349F0DF28EB7FF900D0A3C9 /* AnimationExample.swift in Sources */ = {isa = PBXBuildFile; fileRef = 3349F0DE28EB7FF900D0A3C9 /* AnimationExample.swift */; };
		3349F0E128EB800300D0A3C9 /* TransitionExample.swift in Sources */ = {isa = PBXBuildFile; fileRef = 3349F0E028EB800300D0A3C9 /* TransitionExample.swift */; };
		3349F0E328EB96DD00D0A3C9 /* MatchedGeometryExample.swift in Sources */ = {isa = PBXBuildFile; fileRef = 3349F0E228EB96DD00D0A3C9 /* MatchedGeometryExample.swift */; };
/* End PBXBuildFile section */

/* Begin PBXFileReference section */
		3349F0C728EB785D00D0A3C9 /* Animations and transitions.app */ = {isa = PBXFileReference; explicitFileType = wrapper.application; includeInIndex = 0; path = "Animations and transitions.app"; sourceTree = BUILT_PRODUCTS_DIR; };
		3349F0CA28EB785D00D0A3C9 /* Animations_and_transitionsApp.swift */ = {isa = PBXFileReference; lastKnownFileType = sourcecode.swift; path = Animations_and_transitionsApp.swift; sourceTree = "<group>"; };
		3349F0CC28EB785D00D0A3C9 /* ContentView.swift */ = {isa = PBXFileReference; lastKnownFileType = sourcecode.swift; path = ContentView.swift; sourceTree = "<group>"; };
		3349F0CE28EB785E00D0A3C9 /* Assets.xcassets */ = {isa = PBXFileReference; lastKnownFileType = folder.assetcatalog; path = Assets.xcassets; sourceTree = "<group>"; };
		3349F0D028EB785E00D0A3C9 /* Animations_and_transitions.entitlements */ = {isa = PBXFileReference; lastKnownFileType = text.plist.entitlements; path = Animations_and_transitions.entitlements; sourceTree = "<group>"; };
		3349F0D228EB785E00D0A3C9 /* Preview Assets.xcassets */ = {isa = PBXFileReference; lastKnownFileType = folder.assetcatalog; path = "Preview Assets.xcassets"; sourceTree = "<group>"; };
		3349F0DC28EB7D8E00D0A3C9 /* IdentityExample.swift */ = {isa = PBXFileReference; lastKnownFileType = sourcecode.swift; path = IdentityExample.swift; sourceTree = "<group>"; };
		3349F0DE28EB7FF900D0A3C9 /* AnimationExample.swift */ = {isa = PBXFileReference; lastKnownFileType = sourcecode.swift; path = AnimationExample.swift; sourceTree = "<group>"; };
		3349F0E028EB800300D0A3C9 /* TransitionExample.swift */ = {isa = PBXFileReference; lastKnownFileType = sourcecode.swift; path = TransitionExample.swift; sourceTree = "<group>"; };
		3349F0E228EB96DD00D0A3C9 /* MatchedGeometryExample.swift */ = {isa = PBXFileReference; lastKnownFileType = sourcecode.swift; path = MatchedGeometryExample.swift; sourceTree = "<group>"; };
/* End PBXFileReference section */

/* Begin PBXFrameworksBuildPhase section */
		3349F0C428EB785D00D0A3C9 /* Frameworks */ = {
			isa = PBXFrameworksBuildPhase;
			buildActionMask = 2147483647;
			files = (
				3349F0DB28EB788100D0A3C9 /* DeckUI in Frameworks */,
			);
			runOnlyForDeploymentPostprocessing = 0;
		};
/* End PBXFrameworksBuildPhase section */

/* Begin PBXGroup section */
		3349F0BE28EB785D00D0A3C9 = {
			isa = PBXGroup;
			children = (
				3349F0C928EB785D00D0A3C9 /* Animations and transitions */,
				3349F0C828EB785D00D0A3C9 /* Products */,
			);
			sourceTree = "<group>";
		};
		3349F0C828EB785D00D0A3C9 /* Products */ = {
			isa = PBXGroup;
			children = (
				3349F0C728EB785D00D0A3C9 /* Animations and transitions.app */,
			);
			name = Products;
			sourceTree = "<group>";
		};
		3349F0C928EB785D00D0A3C9 /* Animations and transitions */ = {
			isa = PBXGroup;
			children = (
				3349F0CA28EB785D00D0A3C9 /* Animations_and_transitionsApp.swift */,
				3349F0CC28EB785D00D0A3C9 /* ContentView.swift */,
				3349F0DC28EB7D8E00D0A3C9 /* IdentityExample.swift */,
				3349F0DE28EB7FF900D0A3C9 /* AnimationExample.swift */,
				3349F0E028EB800300D0A3C9 /* TransitionExample.swift */,
				3349F0E228EB96DD00D0A3C9 /* MatchedGeometryExample.swift */,
				3349F0CE28EB785E00D0A3C9 /* Assets.xcassets */,
				3349F0D028EB785E00D0A3C9 /* Animations_and_transitions.entitlements */,
				3349F0D128EB785E00D0A3C9 /* Preview Content */,
			);
			path = "Animations and transitions";
			sourceTree = "<group>";
		};
		3349F0D128EB785E00D0A3C9 /* Preview Content */ = {
			isa = PBXGroup;
			children = (
				3349F0D228EB785E00D0A3C9 /* Preview Assets.xcassets */,
			);
			path = "Preview Content";
			sourceTree = "<group>";
		};
/* End PBXGroup section */

/* Begin PBXNativeTarget section */
		3349F0C628EB785D00D0A3C9 /* Animations and transitions */ = {
			isa = PBXNativeTarget;
			buildConfigurationList = 3349F0D628EB785E00D0A3C9 /* Build configuration list for PBXNativeTarget "Animations and transitions" */;
			buildPhases = (
				3349F0C328EB785D00D0A3C9 /* Sources */,
				3349F0C428EB785D00D0A3C9 /* Frameworks */,
				3349F0C528EB785D00D0A3C9 /* Resources */,
			);
			buildRules = (
			);
			dependencies = (
			);
			name = "Animations and transitions";
			packageProductDependencies = (
				3349F0DA28EB788100D0A3C9 /* DeckUI */,
			);
			productName = "Animations and transitions";
			productReference = 3349F0C728EB785D00D0A3C9 /* Animations and transitions.app */;
			productType = "com.apple.product-type.application";
		};
/* End PBXNativeTarget section */

/* Begin PBXProject section */
		3349F0BF28EB785D00D0A3C9 /* Project object */ = {
			isa = PBXProject;
			attributes = {
				BuildIndependentTargetsInParallel = 1;
				LastSwiftUpdateCheck = 1400;
				LastUpgradeCheck = 1400;
				TargetAttributes = {
					3349F0C628EB785D00D0A3C9 = {
						CreatedOnToolsVersion = 14.0;
					};
				};
			};
			buildConfigurationList = 3349F0C228EB785D00D0A3C9 /* Build configuration list for PBXProject "Animations and transitions" */;
			compatibilityVersion = "Xcode 14.0";
			developmentRegion = en;
			hasScannedForEncodings = 0;
			knownRegions = (
				en,
				Base,
			);
			mainGroup = 3349F0BE28EB785D00D0A3C9;
			packageReferences = (
				3349F0D928EB788100D0A3C9 /* XCRemoteSwiftPackageReference "DeckUI" */,
			);
			productRefGroup = 3349F0C828EB785D00D0A3C9 /* Products */;
			projectDirPath = "";
			projectRoot = "";
			targets = (
				3349F0C628EB785D00D0A3C9 /* Animations and transitions */,
			);
		};
/* End PBXProject section */

/* Begin PBXResourcesBuildPhase section */
		3349F0C528EB785D00D0A3C9 /* Resources */ = {
			isa = PBXResourcesBuildPhase;
			buildActionMask = 2147483647;
			files = (
				3349F0D328EB785E00D0A3C9 /* Preview Assets.xcassets in Resources */,
				3349F0CF28EB785E00D0A3C9 /* Assets.xcassets in Resources */,
			);
			runOnlyForDeploymentPostprocessing = 0;
		};
/* End PBXResourcesBuildPhase section */

/* Begin PBXSourcesBuildPhase section */
		3349F0C328EB785D00D0A3C9 /* Sources */ = {
			isa = PBXSourcesBuildPhase;
			buildActionMask = 2147483647;
			files = (
				3349F0E128EB800300D0A3C9 /* TransitionExample.swift in Sources */,
				3349F0CD28EB785D00D0A3C9 /* ContentView.swift in Sources */,
				3349F0DF28EB7FF900D0A3C9 /* AnimationExample.swift in Sources */,
				3349F0CB28EB785D00D0A3C9 /* Animations_and_transitionsApp.swift in Sources */,
				3349F0DD28EB7D8E00D0A3C9 /* IdentityExample.swift in Sources */,
				3349F0E328EB96DD00D0A3C9 /* MatchedGeometryExample.swift in Sources */,
			);
			runOnlyForDeploymentPostprocessing = 0;
		};
/* End PBXSourcesBuildPhase section */

/* Begin XCBuildConfiguration section */
		3349F0D428EB785E00D0A3C9 /* Debug */ = {
			isa = XCBuildConfiguration;
			buildSettings = {
				ALWAYS_SEARCH_USER_PATHS = NO;
				CLANG_ANALYZER_NONNULL = YES;
				CLANG_ANALYZER_NUMBER_OBJECT_CONVERSION = YES_AGGRESSIVE;
				CLANG_CXX_LANGUAGE_STANDARD = "gnu++20";
				CLANG_ENABLE_MODULES = YES;
				CLANG_ENABLE_OBJC_ARC = YES;
				CLANG_ENABLE_OBJC_WEAK = YES;
				CLANG_WARN_BLOCK_CAPTURE_AUTORELEASING = YES;
				CLANG_WARN_BOOL_CONVERSION = YES;
				CLANG_WARN_COMMA = YES;
				CLANG_WARN_CONSTANT_CONVERSION = YES;
				CLANG_WARN_DEPRECATED_OBJC_IMPLEMENTATIONS = YES;
				CLANG_WARN_DIRECT_OBJC_ISA_USAGE = YES_ERROR;
				CLANG_WARN_DOCUMENTATION_COMMENTS = YES;
				CLANG_WARN_EMPTY_BODY = YES;
				CLANG_WARN_ENUM_CONVERSION = YES;
				CLANG_WARN_INFINITE_RECURSION = YES;
				CLANG_WARN_INT_CONVERSION = YES;
				CLANG_WARN_NON_LITERAL_NULL_CONVERSION = YES;
				CLANG_WARN_OBJC_IMPLICIT_RETAIN_SELF = YES;
				CLANG_WARN_OBJC_LITERAL_CONVERSION = YES;
				CLANG_WARN_OBJC_ROOT_CLASS = YES_ERROR;
				CLANG_WARN_QUOTED_INCLUDE_IN_FRAMEWORK_HEADER = YES;
				CLANG_WARN_RANGE_LOOP_ANALYSIS = YES;
				CLANG_WARN_STRICT_PROTOTYPES = YES;
				CLANG_WARN_SUSPICIOUS_MOVE = YES;
				CLANG_WARN_UNGUARDED_AVAILABILITY = YES_AGGRESSIVE;
				CLANG_WARN_UNREACHABLE_CODE = YES;
				CLANG_WARN__DUPLICATE_METHOD_MATCH = YES;
				COPY_PHASE_STRIP = NO;
				DEBUG_INFORMATION_FORMAT = dwarf;
				ENABLE_STRICT_OBJC_MSGSEND = YES;
				ENABLE_TESTABILITY = YES;
				GCC_C_LANGUAGE_STANDARD = gnu11;
				GCC_DYNAMIC_NO_PIC = NO;
				GCC_NO_COMMON_BLOCKS = YES;
				GCC_OPTIMIZATION_LEVEL = 0;
				GCC_PREPROCESSOR_DEFINITIONS = (
					"DEBUG=1",
					"$(inherited)",
				);
				GCC_WARN_64_TO_32_BIT_CONVERSION = YES;
				GCC_WARN_ABOUT_RETURN_TYPE = YES_ERROR;
				GCC_WARN_UNDECLARED_SELECTOR = YES;
				GCC_WARN_UNINITIALIZED_AUTOS = YES_AGGRESSIVE;
				GCC_WARN_UNUSED_FUNCTION = YES;
				GCC_WARN_UNUSED_VARIABLE = YES;
				MTL_ENABLE_DEBUG_INFO = INCLUDE_SOURCE;
				MTL_FAST_MATH = YES;
				ONLY_ACTIVE_ARCH = YES;
				SWIFT_ACTIVE_COMPILATION_CONDITIONS = DEBUG;
				SWIFT_OPTIMIZATION_LEVEL = "-Onone";
			};
			name = Debug;
		};
		3349F0D528EB785E00D0A3C9 /* Release */ = {
			isa = XCBuildConfiguration;
			buildSettings = {
				ALWAYS_SEARCH_USER_PATHS = NO;
				CLANG_ANALYZER_NONNULL = YES;
				CLANG_ANALYZER_NUMBER_OBJECT_CONVERSION = YES_AGGRESSIVE;
				CLANG_CXX_LANGUAGE_STANDARD = "gnu++20";
				CLANG_ENABLE_MODULES = YES;
				CLANG_ENABLE_OBJC_ARC = YES;
				CLANG_ENABLE_OBJC_WEAK = YES;
				CLANG_WARN_BLOCK_CAPTURE_AUTORELEASING = YES;
				CLANG_WARN_BOOL_CONVERSION = YES;
				CLANG_WARN_COMMA = YES;
				CLANG_WARN_CONSTANT_CONVERSION = YES;
				CLANG_WARN_DEPRECATED_OBJC_IMPLEMENTATIONS = YES;
				CLANG_WARN_DIRECT_OBJC_ISA_USAGE = YES_ERROR;
				CLANG_WARN_DOCUMENTATION_COMMENTS = YES;
				CLANG_WARN_EMPTY_BODY = YES;
				CLANG_WARN_ENUM_CONVERSION = YES;
				CLANG_WARN_INFINITE_RECURSION = YES;
				CLANG_WARN_INT_CONVERSION = YES;
				CLANG_WARN_NON_LITERAL_NULL_CONVERSION = YES;
				CLANG_WARN_OBJC_IMPLICIT_RETAIN_SELF = YES;
				CLANG_WARN_OBJC_LITERAL_CONVERSION = YES;
				CLANG_WARN_OBJC_ROOT_CLASS = YES_ERROR;
				CLANG_WARN_QUOTED_INCLUDE_IN_FRAMEWORK_HEADER = YES;
				CLANG_WARN_RANGE_LOOP_ANALYSIS = YES;
				CLANG_WARN_STRICT_PROTOTYPES = YES;
				CLANG_WARN_SUSPICIOUS_MOVE = YES;
				CLANG_WARN_UNGUARDED_AVAILABILITY = YES_AGGRESSIVE;
				CLANG_WARN_UNREACHABLE_CODE = YES;
				CLANG_WARN__DUPLICATE_METHOD_MATCH = YES;
				COPY_PHASE_STRIP = NO;
				DEBUG_INFORMATION_FORMAT = "dwarf-with-dsym";
				ENABLE_NS_ASSERTIONS = NO;
				ENABLE_STRICT_OBJC_MSGSEND = YES;
				GCC_C_LANGUAGE_STANDARD = gnu11;
				GCC_NO_COMMON_BLOCKS = YES;
				GCC_WARN_64_TO_32_BIT_CONVERSION = YES;
				GCC_WARN_ABOUT_RETURN_TYPE = YES_ERROR;
				GCC_WARN_UNDECLARED_SELECTOR = YES;
				GCC_WARN_UNINITIALIZED_AUTOS = YES_AGGRESSIVE;
				GCC_WARN_UNUSED_FUNCTION = YES;
				GCC_WARN_UNUSED_VARIABLE = YES;
				MTL_ENABLE_DEBUG_INFO = NO;
				MTL_FAST_MATH = YES;
				SWIFT_COMPILATION_MODE = wholemodule;
				SWIFT_OPTIMIZATION_LEVEL = "-O";
			};
			name = Release;
		};
		3349F0D728EB785E00D0A3C9 /* Debug */ = {
			isa = XCBuildConfiguration;
			buildSettings = {
				ASSETCATALOG_COMPILER_APPICON_NAME = AppIcon;
				ASSETCATALOG_COMPILER_GLOBAL_ACCENT_COLOR_NAME = AccentColor;
				CODE_SIGN_ENTITLEMENTS = "Animations and transitions/Animations_and_transitions.entitlements";
				CODE_SIGN_STYLE = Automatic;
				CURRENT_PROJECT_VERSION = 1;
				DEVELOPMENT_ASSET_PATHS = "\"Animations and transitions/Preview Content\"";
				ENABLE_PREVIEWS = YES;
				GENERATE_INFOPLIST_FILE = YES;
				INFOPLIST_KEY_NSCameraUsageDescription = bla;
				"INFOPLIST_KEY_UIApplicationSceneManifest_Generation[sdk=iphoneos*]" = YES;
				"INFOPLIST_KEY_UIApplicationSceneManifest_Generation[sdk=iphonesimulator*]" = YES;
				"INFOPLIST_KEY_UIApplicationSupportsIndirectInputEvents[sdk=iphoneos*]" = YES;
				"INFOPLIST_KEY_UIApplicationSupportsIndirectInputEvents[sdk=iphonesimulator*]" = YES;
				"INFOPLIST_KEY_UILaunchScreen_Generation[sdk=iphoneos*]" = YES;
				"INFOPLIST_KEY_UILaunchScreen_Generation[sdk=iphonesimulator*]" = YES;
				"INFOPLIST_KEY_UIStatusBarStyle[sdk=iphoneos*]" = UIStatusBarStyleDefault;
				"INFOPLIST_KEY_UIStatusBarStyle[sdk=iphonesimulator*]" = UIStatusBarStyleDefault;
				INFOPLIST_KEY_UISupportedInterfaceOrientations_iPad = "UIInterfaceOrientationPortrait UIInterfaceOrientationPortraitUpsideDown UIInterfaceOrientationLandscapeLeft UIInterfaceOrientationLandscapeRight";
				INFOPLIST_KEY_UISupportedInterfaceOrientations_iPhone = "UIInterfaceOrientationPortrait UIInterfaceOrientationLandscapeLeft UIInterfaceOrientationLandscapeRight";
				IPHONEOS_DEPLOYMENT_TARGET = 16.0;
				LD_RUNPATH_SEARCH_PATHS = "@executable_path/Frameworks";
				"LD_RUNPATH_SEARCH_PATHS[sdk=macosx*]" = "@executable_path/../Frameworks";
				MACOSX_DEPLOYMENT_TARGET = 12.3;
				MARKETING_VERSION = 1.0;
				PRODUCT_BUNDLE_IDENTIFIER = "fr.tectec.training.examples.Animations-and-transitions";
				PRODUCT_NAME = "$(TARGET_NAME)";
				SDKROOT = auto;
				SUPPORTED_PLATFORMS = "iphoneos iphonesimulator macosx";
				SWIFT_EMIT_LOC_STRINGS = YES;
				SWIFT_VERSION = 5.0;
				TARGETED_DEVICE_FAMILY = "1,2";
			};
			name = Debug;
		};
		3349F0D828EB785E00D0A3C9 /* Release */ = {
			isa = XCBuildConfiguration;
			buildSettings = {
				ASSETCATALOG_COMPILER_APPICON_NAME = AppIcon;
				ASSETCATALOG_COMPILER_GLOBAL_ACCENT_COLOR_NAME = AccentColor;
				CODE_SIGN_ENTITLEMENTS = "Animations and transitions/Animations_and_transitions.entitlements";
				CODE_SIGN_STYLE = Automatic;
				CURRENT_PROJECT_VERSION = 1;
				DEVELOPMENT_ASSET_PATHS = "\"Animations and transitions/Preview Content\"";
				ENABLE_PREVIEWS = YES;
				GENERATE_INFOPLIST_FILE = YES;
				INFOPLIST_KEY_NSCameraUsageDescription = bla;
				"INFOPLIST_KEY_UIApplicationSceneManifest_Generation[sdk=iphoneos*]" = YES;
				"INFOPLIST_KEY_UIApplicationSceneManifest_Generation[sdk=iphonesimulator*]" = YES;
				"INFOPLIST_KEY_UIApplicationSupportsIndirectInputEvents[sdk=iphoneos*]" = YES;
				"INFOPLIST_KEY_UIApplicationSupportsIndirectInputEvents[sdk=iphonesimulator*]" = YES;
				"INFOPLIST_KEY_UILaunchScreen_Generation[sdk=iphoneos*]" = YES;
				"INFOPLIST_KEY_UILaunchScreen_Generation[sdk=iphonesimulator*]" = YES;
				"INFOPLIST_KEY_UIStatusBarStyle[sdk=iphoneos*]" = UIStatusBarStyleDefault;
				"INFOPLIST_KEY_UIStatusBarStyle[sdk=iphonesimulator*]" = UIStatusBarStyleDefault;
				INFOPLIST_KEY_UISupportedInterfaceOrientations_iPad = "UIInterfaceOrientationPortrait UIInterfaceOrientationPortraitUpsideDown UIInterfaceOrientationLandscapeLeft UIInterfaceOrientationLandscapeRight";
				INFOPLIST_KEY_UISupportedInterfaceOrientations_iPhone = "UIInterfaceOrientationPortrait UIInterfaceOrientationLandscapeLeft UIInterfaceOrientationLandscapeRight";
				IPHONEOS_DEPLOYMENT_TARGET = 16.0;
				LD_RUNPATH_SEARCH_PATHS = "@executable_path/Frameworks";
				"LD_RUNPATH_SEARCH_PATHS[sdk=macosx*]" = "@executable_path/../Frameworks";
				MACOSX_DEPLOYMENT_TARGET = 12.3;
				MARKETING_VERSION = 1.0;
				PRODUCT_BUNDLE_IDENTIFIER = "fr.tectec.training.examples.Animations-and-transitions";
				PRODUCT_NAME = "$(TARGET_NAME)";
				SDKROOT = auto;
				SUPPORTED_PLATFORMS = "iphoneos iphonesimulator macosx";
				SWIFT_EMIT_LOC_STRINGS = YES;
				SWIFT_VERSION = 5.0;
				TARGETED_DEVICE_FAMILY = "1,2";
			};
			name = Release;
		};
/* End XCBuildConfiguration section */

/* Begin XCConfigurationList section */
		3349F0C228EB785D00D0A3C9 /* Build configuration list for PBXProject "Animations and transitions" */ = {
			isa = XCConfigurationList;
			buildConfigurations = (
				3349F0D428EB785E00D0A3C9 /* Debug */,
				3349F0D528EB785E00D0A3C9 /* Release */,
			);
			defaultConfigurationIsVisible = 0;
			defaultConfigurationName = Release;
		};
		3349F0D628EB785E00D0A3C9 /* Build configuration list for PBXNativeTarget "Animations and transitions" */ = {
			isa = XCConfigurationList;
			buildConfigurations = (
				3349F0D728EB785E00D0A3C9 /* Debug */,
				3349F0D828EB785E00D0A3C9 /* Release */,
			);
			defaultConfigurationIsVisible = 0;
			defaultConfigurationName = Release;
		};
/* End XCConfigurationList section */

/* Begin XCRemoteSwiftPackageReference section */
		3349F0D928EB788100D0A3C9 /* XCRemoteSwiftPackageReference "DeckUI" */ = {
			isa = XCRemoteSwiftPackageReference;
			repositoryURL = "https://github.com/joshdholtz/DeckUI.git";
			requirement = {
				branch = main;
				kind = branch;
			};
		};
/* End XCRemoteSwiftPackageReference section */

/* Begin XCSwiftPackageProductDependency section */
		3349F0DA28EB788100D0A3C9 /* DeckUI */ = {
			isa = XCSwiftPackageProductDependency;
			package = 3349F0D928EB788100D0A3C9 /* XCRemoteSwiftPackageReference "DeckUI" */;
			productName = DeckUI;
		};
/* End XCSwiftPackageProductDependency section */
	};
	rootObject = 3349F0BF28EB785D00D0A3C9 /* Project object */;
}
